{
  "name": "next-js",
  "lockfileVersion": 3,
  "requires": true,
  "packages": {
    "": {
      "dependencies": {
        "tslog": "^4.9.2"
      }
    },
    "node_modules/tslog": {
      "version": "4.9.2",
      "resolved": "https://registry.npmjs.org/tslog/-/tslog-4.9.2.tgz",
      "integrity": "sha512-wBM+LRJoNl34Bdu8mYEFxpvmOUedpNUwMNQB/NcuPIZKwdDde6xLHUev3bBjXQU7gdurX++X/YE7gLH8eXYsiQ==",
      "engines": {
        "node": ">=16"
      },
      "funding": {
        "url": "https://github.com/fullstack-build/tslog?sponsor=1"
      }
    }
  }
}
